
Microsoft Visual Studio Solution File, Format Version 12.00
# Visual Studio Version 16
VisualStudioVersion = 16.0.31410.357
MinimumVisualStudioVersion = 10.0.40219.1
Project("{FAE04EC0-301F-11D3-BF4B-00C04F79EFBC}") = "TempretureControler", "TempretureControler\TempretureControler.csproj", "{B1F89293-C20F-4FCD-956F-88967D11C705}"
EndProject
Global
	GlobalSection(SolutionConfigurationPlatforms) = preSolution
		Debug|Any CPU = Debug|Any CPU
		Release|Any CPU = Release|Any CPU
	EndGlobalSection
	GlobalSection(ProjectConfigurationPlatforms) = postSolution
		{B1F89293-C20F-4FCD-956F-88967D11C705}.Debug|Any CPU.ActiveCfg = Debug|Any CPU
		{B1F89293-C20F-4FCD-956F-88967D11C705}.Debug|Any CPU.Build.0 = Debug|Any CPU
		{B1F89293-C20F-4FCD-956F-88967D11C705}.Release|Any CPU.ActiveCfg = Release|Any CPU
		{B1F89293-C20F-4FCD-956F-88967D11C705}.Release|Any CPU.Build.0 = Release|Any CPU
	EndGlobalSection
	GlobalSection(SolutionProperties) = preSolution
		HideSolutionNode = FALSE
	EndGlobalSection
	GlobalSection(ExtensibilityGlobals) = postSolution
		SolutionGuid = {F7CBD13F-FCBE-44FE-B9E1-E6A647FEE92E}
	EndGlobalSection
EndGlobal
